// !$*UTF8*$!
{
	archiveVersion = 1;
	classes = {
	};
	objectVersion = 55;
	objects = {

/* Begin PBXBuildFile section */
		4D1753722800E14500CB815C /* SignupViewController.swift in Sources */ = {isa = PBXBuildFile; fileRef = 4D1753712800E14500CB815C /* SignupViewController.swift */; };
		4D3D00DC28085C6900BD5EAD /* HomeViewController.swift in Sources */ = {isa = PBXBuildFile; fileRef = 4D3D00DB28085C6900BD5EAD /* HomeViewController.swift */; };
		4D3D00E228086A3800BD5EAD /* CategoryCollectionViewCell.swift in Sources */ = {isa = PBXBuildFile; fileRef = 4D3D00E028086A3800BD5EAD /* CategoryCollectionViewCell.swift */; };
		4D3D00E328086A3800BD5EAD /* CategoryCollectionViewCell.xib in Resources */ = {isa = PBXBuildFile; fileRef = 4D3D00E128086A3800BD5EAD /* CategoryCollectionViewCell.xib */; };
		4D9C6355280C73CB0053CAC2 /* ChefSpecialCollectionViewCell.swift in Sources */ = {isa = PBXBuildFile; fileRef = 4D9C6353280C73CB0053CAC2 /* ChefSpecialCollectionViewCell.swift */; };
		4D9C6356280C73CB0053CAC2 /* ChefSpecialCollectionViewCell.xib in Resources */ = {isa = PBXBuildFile; fileRef = 4D9C6354280C73CB0053CAC2 /* ChefSpecialCollectionViewCell.xib */; };
		4DC2CD7128087B7700C82D52 /* String+Extension.swift in Sources */ = {isa = PBXBuildFile; fileRef = 4DC2CD7028087B7700C82D52 /* String+Extension.swift */; };
		4DC2CD742808989E00C82D52 /* CardView.swift in Sources */ = {isa = PBXBuildFile; fileRef = 4DC2CD732808989E00C82D52 /* CardView.swift */; };
		4DC2CD782808A5EE00C82D52 /* DishCollectionViewCell.swift in Sources */ = {isa = PBXBuildFile; fileRef = 4DC2CD762808A5EE00C82D52 /* DishCollectionViewCell.swift */; };
		4DC2CD792808A5EE00C82D52 /* DishCollectionViewCell.xib in Resources */ = {isa = PBXBuildFile; fileRef = 4DC2CD772808A5EE00C82D52 /* DishCollectionViewCell.xib */; };
		4DC2CD7B2808A92500C82D52 /* Dish.swift in Sources */ = {isa = PBXBuildFile; fileRef = 4DC2CD7A2808A92500C82D52 /* Dish.swift */; };
		6D29477E6B1DBA63786E6022 /* Pods_KitchenAnywhere.framework in Frameworks */ = {isa = PBXBuildFile; fileRef = 17ECBD2F681ED2AAD61FF1C7 /* Pods_KitchenAnywhere.framework */; };
		B54CC4E7280CC48F00A96FA7 /* DetailDishViewController.swift in Sources */ = {isa = PBXBuildFile; fileRef = B54CC4E6280CC48F00A96FA7 /* DetailDishViewController.swift */; };
		B54CC4E9280CC89000A96FA7 /* UiViewController+Extensions.swift in Sources */ = {isa = PBXBuildFile; fileRef = B54CC4E8280CC89000A96FA7 /* UiViewController+Extensions.swift */; };
		B54CC4ED280CDDC400A96FA7 /* GoogleService-Info.plist in Resources */ = {isa = PBXBuildFile; fileRef = B54CC4EC280CDDC400A96FA7 /* GoogleService-Info.plist */; };
		B670A2DF27F343BE001E5CBE /* AppDelegate.swift in Sources */ = {isa = PBXBuildFile; fileRef = B670A2DE27F343BE001E5CBE /* AppDelegate.swift */; };
		B670A2E127F343BE001E5CBE /* SceneDelegate.swift in Sources */ = {isa = PBXBuildFile; fileRef = B670A2E027F343BE001E5CBE /* SceneDelegate.swift */; };
		B670A2E327F343BE001E5CBE /* LoginViewController.swift in Sources */ = {isa = PBXBuildFile; fileRef = B670A2E227F343BE001E5CBE /* LoginViewController.swift */; };
		B670A2E627F343BE001E5CBE /* Main.storyboard in Resources */ = {isa = PBXBuildFile; fileRef = B670A2E427F343BE001E5CBE /* Main.storyboard */; };
		B670A2E827F343BE001E5CBE /* Assets.xcassets in Resources */ = {isa = PBXBuildFile; fileRef = B670A2E727F343BE001E5CBE /* Assets.xcassets */; };
		B670A2EB27F343BE001E5CBE /* LaunchScreen.storyboard in Resources */ = {isa = PBXBuildFile; fileRef = B670A2E927F343BE001E5CBE /* LaunchScreen.storyboard */; };
		B688FA7E280F2ED2002E89A7 /* CFDishList.storyboard in Resources */ = {isa = PBXBuildFile; fileRef = B688FA7D280F2ED2002E89A7 /* CFDishList.storyboard */; };
		B688FA86280F3353002E89A7 /* CFDIshListCollectionViewCell.swift in Sources */ = {isa = PBXBuildFile; fileRef = B688FA85280F3353002E89A7 /* CFDIshListCollectionViewCell.swift */; };
		B688FA88280F3405002E89A7 /* CFDishListViewController.swift in Sources */ = {isa = PBXBuildFile; fileRef = B688FA87280F3405002E89A7 /* CFDishListViewController.swift */; };
		B688FA8A280F3756002E89A7 /* Model_DishList.swift in Sources */ = {isa = PBXBuildFile; fileRef = B688FA89280F3756002E89A7 /* Model_DishList.swift */; };
		B6B24DA7281084C1008844FC /* CFAddDish.storyboard in Resources */ = {isa = PBXBuildFile; fileRef = B6B24DA6281084C1008844FC /* CFAddDish.storyboard */; };
		B6B24DAC2810928A008844FC /* CFAddDishViewController.swift in Sources */ = {isa = PBXBuildFile; fileRef = B6B24DAB2810928A008844FC /* CFAddDishViewController.swift */; };
		B6B24DAF2810EFBD008844FC /* UtilClass.swift in Sources */ = {isa = PBXBuildFile; fileRef = B6B24DAE2810EFBD008844FC /* UtilClass.swift */; };
		B6B24DFB2812444B008844FC /* CFViewOrder.storyboard in Resources */ = {isa = PBXBuildFile; fileRef = B6B24DFA2812444B008844FC /* CFViewOrder.storyboard */; };
		B6B24DFE2812448B008844FC /* CFViewOrderViewController.swift in Sources */ = {isa = PBXBuildFile; fileRef = B6B24DFD2812448B008844FC /* CFViewOrderViewController.swift */; };
		B6B24E02281457BB008844FC /* Order.swift in Sources */ = {isa = PBXBuildFile; fileRef = B6B24E01281457BB008844FC /* Order.swift */; };
		B6B24E0428145CC1008844FC /* CFViewOrderBrain.swift in Sources */ = {isa = PBXBuildFile; fileRef = B6B24E0328145CC1008844FC /* CFViewOrderBrain.swift */; };
		B6B24E0628145F8F008844FC /* DishCategory.swift in Sources */ = {isa = PBXBuildFile; fileRef = B6B24E0528145F8F008844FC /* DishCategory.swift */; };
		B6B24E092814622D008844FC /* CFViewOrderTableView1Cell.swift in Sources */ = {isa = PBXBuildFile; fileRef = B6B24E072814622D008844FC /* CFViewOrderTableView1Cell.swift */; };
		B6B24E0A2814622D008844FC /* CFViewOrderTableView1Cell.xib in Resources */ = {isa = PBXBuildFile; fileRef = B6B24E082814622D008844FC /* CFViewOrderTableView1Cell.xib */; };
/* End PBXBuildFile section */

/* Begin PBXFileReference section */
		17ECBD2F681ED2AAD61FF1C7 /* Pods_KitchenAnywhere.framework */ = {isa = PBXFileReference; explicitFileType = wrapper.framework; includeInIndex = 0; path = Pods_KitchenAnywhere.framework; sourceTree = BUILT_PRODUCTS_DIR; };
		49931D99A91533EF26CDD85A /* Pods-KitchenAnywhere.debug.xcconfig */ = {isa = PBXFileReference; includeInIndex = 1; lastKnownFileType = text.xcconfig; name = "Pods-KitchenAnywhere.debug.xcconfig"; path = "Target Support Files/Pods-KitchenAnywhere/Pods-KitchenAnywhere.debug.xcconfig"; sourceTree = "<group>"; };
		4D1753712800E14500CB815C /* SignupViewController.swift */ = {isa = PBXFileReference; lastKnownFileType = sourcecode.swift; path = SignupViewController.swift; sourceTree = "<group>"; };
		4D3D00DB28085C6900BD5EAD /* HomeViewController.swift */ = {isa = PBXFileReference; lastKnownFileType = sourcecode.swift; path = HomeViewController.swift; sourceTree = "<group>"; };
		4D3D00E028086A3800BD5EAD /* CategoryCollectionViewCell.swift */ = {isa = PBXFileReference; lastKnownFileType = sourcecode.swift; path = CategoryCollectionViewCell.swift; sourceTree = "<group>"; };
		4D3D00E128086A3800BD5EAD /* CategoryCollectionViewCell.xib */ = {isa = PBXFileReference; lastKnownFileType = file.xib; path = CategoryCollectionViewCell.xib; sourceTree = "<group>"; };
		4D9C6353280C73CB0053CAC2 /* ChefSpecialCollectionViewCell.swift */ = {isa = PBXFileReference; lastKnownFileType = sourcecode.swift; path = ChefSpecialCollectionViewCell.swift; sourceTree = "<group>"; };
		4D9C6354280C73CB0053CAC2 /* ChefSpecialCollectionViewCell.xib */ = {isa = PBXFileReference; lastKnownFileType = file.xib; path = ChefSpecialCollectionViewCell.xib; sourceTree = "<group>"; };
		4DC2CD7028087B7700C82D52 /* String+Extension.swift */ = {isa = PBXFileReference; lastKnownFileType = sourcecode.swift; path = "String+Extension.swift"; sourceTree = "<group>"; };
		4DC2CD732808989E00C82D52 /* CardView.swift */ = {isa = PBXFileReference; lastKnownFileType = sourcecode.swift; path = CardView.swift; sourceTree = "<group>"; };
		4DC2CD762808A5EE00C82D52 /* DishCollectionViewCell.swift */ = {isa = PBXFileReference; lastKnownFileType = sourcecode.swift; path = DishCollectionViewCell.swift; sourceTree = "<group>"; };
		4DC2CD772808A5EE00C82D52 /* DishCollectionViewCell.xib */ = {isa = PBXFileReference; lastKnownFileType = file.xib; path = DishCollectionViewCell.xib; sourceTree = "<group>"; };
		4DC2CD7A2808A92500C82D52 /* Dish.swift */ = {isa = PBXFileReference; lastKnownFileType = sourcecode.swift; path = Dish.swift; sourceTree = "<group>"; };
		AE905EA7F1F702198A8AEE6E /* Pods-KitchenAnywhere.release.xcconfig */ = {isa = PBXFileReference; includeInIndex = 1; lastKnownFileType = text.xcconfig; name = "Pods-KitchenAnywhere.release.xcconfig"; path = "Target Support Files/Pods-KitchenAnywhere/Pods-KitchenAnywhere.release.xcconfig"; sourceTree = "<group>"; };
		B54CC4E6280CC48F00A96FA7 /* DetailDishViewController.swift */ = {isa = PBXFileReference; lastKnownFileType = sourcecode.swift; path = DetailDishViewController.swift; sourceTree = "<group>"; };
		B54CC4E8280CC89000A96FA7 /* UiViewController+Extensions.swift */ = {isa = PBXFileReference; lastKnownFileType = sourcecode.swift; path = "UiViewController+Extensions.swift"; sourceTree = "<group>"; };
		B54CC4EC280CDDC400A96FA7 /* GoogleService-Info.plist */ = {isa = PBXFileReference; fileEncoding = 4; lastKnownFileType = text.plist.xml; name = "GoogleService-Info.plist"; path = "../IOS/KitchenAnywhere/KitchenAnywhere/GoogleService-Info.plist"; sourceTree = SOURCE_ROOT; };
		B670A2DB27F343BE001E5CBE /* KitchenAnywhere.app */ = {isa = PBXFileReference; explicitFileType = wrapper.application; includeInIndex = 0; path = KitchenAnywhere.app; sourceTree = BUILT_PRODUCTS_DIR; };
		B670A2DE27F343BE001E5CBE /* AppDelegate.swift */ = {isa = PBXFileReference; lastKnownFileType = sourcecode.swift; path = AppDelegate.swift; sourceTree = "<group>"; };
		B670A2E027F343BE001E5CBE /* SceneDelegate.swift */ = {isa = PBXFileReference; lastKnownFileType = sourcecode.swift; path = SceneDelegate.swift; sourceTree = "<group>"; };
		B670A2E227F343BE001E5CBE /* LoginViewController.swift */ = {isa = PBXFileReference; lastKnownFileType = sourcecode.swift; path = LoginViewController.swift; sourceTree = "<group>"; };
		B670A2E527F343BE001E5CBE /* Base */ = {isa = PBXFileReference; lastKnownFileType = file.storyboard; name = Base; path = Base.lproj/Main.storyboard; sourceTree = "<group>"; };
		B670A2E727F343BE001E5CBE /* Assets.xcassets */ = {isa = PBXFileReference; lastKnownFileType = folder.assetcatalog; path = Assets.xcassets; sourceTree = "<group>"; };
		B670A2EA27F343BE001E5CBE /* Base */ = {isa = PBXFileReference; lastKnownFileType = file.storyboard; name = Base; path = Base.lproj/LaunchScreen.storyboard; sourceTree = "<group>"; };
		B670A2EC27F343BE001E5CBE /* Info.plist */ = {isa = PBXFileReference; lastKnownFileType = text.plist.xml; path = Info.plist; sourceTree = "<group>"; };
		B688FA7D280F2ED2002E89A7 /* CFDishList.storyboard */ = {isa = PBXFileReference; lastKnownFileType = file.storyboard; path = CFDishList.storyboard; sourceTree = "<group>"; };
		B688FA85280F3353002E89A7 /* CFDIshListCollectionViewCell.swift */ = {isa = PBXFileReference; lastKnownFileType = sourcecode.swift; path = CFDIshListCollectionViewCell.swift; sourceTree = "<group>"; };
		B688FA87280F3405002E89A7 /* CFDishListViewController.swift */ = {isa = PBXFileReference; lastKnownFileType = sourcecode.swift; path = CFDishListViewController.swift; sourceTree = "<group>"; };
		B688FA89280F3756002E89A7 /* Model_DishList.swift */ = {isa = PBXFileReference; lastKnownFileType = sourcecode.swift; path = Model_DishList.swift; sourceTree = "<group>"; };
		B6B24DA6281084C1008844FC /* CFAddDish.storyboard */ = {isa = PBXFileReference; lastKnownFileType = file.storyboard; path = CFAddDish.storyboard; sourceTree = "<group>"; };
		B6B24DAB2810928A008844FC /* CFAddDishViewController.swift */ = {isa = PBXFileReference; lastKnownFileType = sourcecode.swift; path = CFAddDishViewController.swift; sourceTree = "<group>"; };
		B6B24DAE2810EFBD008844FC /* UtilClass.swift */ = {isa = PBXFileReference; lastKnownFileType = sourcecode.swift; path = UtilClass.swift; sourceTree = "<group>"; };
		B6B24DFA2812444B008844FC /* CFViewOrder.storyboard */ = {isa = PBXFileReference; lastKnownFileType = file.storyboard; path = CFViewOrder.storyboard; sourceTree = "<group>"; };
		B6B24DFD2812448B008844FC /* CFViewOrderViewController.swift */ = {isa = PBXFileReference; lastKnownFileType = sourcecode.swift; path = CFViewOrderViewController.swift; sourceTree = "<group>"; };
		B6B24E01281457BB008844FC /* Order.swift */ = {isa = PBXFileReference; lastKnownFileType = sourcecode.swift; path = Order.swift; sourceTree = "<group>"; };
		B6B24E0328145CC1008844FC /* CFViewOrderBrain.swift */ = {isa = PBXFileReference; lastKnownFileType = sourcecode.swift; path = CFViewOrderBrain.swift; sourceTree = "<group>"; };
		B6B24E0528145F8F008844FC /* DishCategory.swift */ = {isa = PBXFileReference; lastKnownFileType = sourcecode.swift; path = DishCategory.swift; sourceTree = "<group>"; };
		B6B24E072814622D008844FC /* CFViewOrderTableView1Cell.swift */ = {isa = PBXFileReference; lastKnownFileType = sourcecode.swift; path = CFViewOrderTableView1Cell.swift; sourceTree = "<group>"; };
		B6B24E082814622D008844FC /* CFViewOrderTableView1Cell.xib */ = {isa = PBXFileReference; lastKnownFileType = file.xib; path = CFViewOrderTableView1Cell.xib; sourceTree = "<group>"; };
/* End PBXFileReference section */

/* Begin PBXFrameworksBuildPhase section */
		B670A2D827F343BE001E5CBE /* Frameworks */ = {
			isa = PBXFrameworksBuildPhase;
			buildActionMask = 2147483647;
			files = (
				6D29477E6B1DBA63786E6022 /* Pods_KitchenAnywhere.framework in Frameworks */,
			);
			runOnlyForDeploymentPostprocessing = 0;
		};
/* End PBXFrameworksBuildPhase section */

/* Begin PBXGroup section */
		4D3D00DA28085C5800BD5EAD /* User */ = {
			isa = PBXGroup;
			children = (
				4D3D00DB28085C6900BD5EAD /* HomeViewController.swift */,
				B54CC4E6280CC48F00A96FA7 /* DetailDishViewController.swift */,
			);
			path = User;
			sourceTree = "<group>";
		};
		4D3D00DD2808698600BD5EAD /* CustomViews */ = {
			isa = PBXGroup;
			children = (
				4D9C6352280C73A80053CAC2 /* ChefSpecialCollectionViewCell */,
				4DC2CD752808A55A00C82D52 /* DishCollectionViewCells */,
				4DC2CD722808983500C82D52 /* CardView */,
				4D3D00DE280869A800BD5EAD /* CategoryCollectionViewCell */,
			);
			path = CustomViews;
			sourceTree = "<group>";
		};
		4D3D00DE280869A800BD5EAD /* CategoryCollectionViewCell */ = {
			isa = PBXGroup;
			children = (
				4D3D00E028086A3800BD5EAD /* CategoryCollectionViewCell.swift */,
				4D3D00E128086A3800BD5EAD /* CategoryCollectionViewCell.xib */,
			);
			path = CategoryCollectionViewCell;
			sourceTree = "<group>";
		};
		4D9C6352280C73A80053CAC2 /* ChefSpecialCollectionViewCell */ = {
			isa = PBXGroup;
			children = (
				4D9C6353280C73CB0053CAC2 /* ChefSpecialCollectionViewCell.swift */,
				4D9C6354280C73CB0053CAC2 /* ChefSpecialCollectionViewCell.xib */,
			);
			path = ChefSpecialCollectionViewCell;
			sourceTree = "<group>";
		};
		4DC2CD6C2808705F00C82D52 /* Model */ = {
			isa = PBXGroup;
			children = (
				4DC2CD7A2808A92500C82D52 /* Dish.swift */,
				B688FA89280F3756002E89A7 /* Model_DishList.swift */,
				B6B24E01281457BB008844FC /* Order.swift */,
				B6B24E0328145CC1008844FC /* CFViewOrderBrain.swift */,
				B6B24E0528145F8F008844FC /* DishCategory.swift */,
			);
			path = Model;
			sourceTree = "<group>";
		};
		4DC2CD6F28087B5F00C82D52 /* Extensions */ = {
			isa = PBXGroup;
			children = (
				4DC2CD7028087B7700C82D52 /* String+Extension.swift */,
				B54CC4E8280CC89000A96FA7 /* UiViewController+Extensions.swift */,
			);
			path = Extensions;
			sourceTree = "<group>";
		};
		4DC2CD722808983500C82D52 /* CardView */ = {
			isa = PBXGroup;
			children = (
				4DC2CD732808989E00C82D52 /* CardView.swift */,
			);
			path = CardView;
			sourceTree = "<group>";
		};
		4DC2CD752808A55A00C82D52 /* DishCollectionViewCells */ = {
			isa = PBXGroup;
			children = (
				4DC2CD762808A5EE00C82D52 /* DishCollectionViewCell.swift */,
				4DC2CD772808A5EE00C82D52 /* DishCollectionViewCell.xib */,
			);
			path = DishCollectionViewCells;
			sourceTree = "<group>";
		};
		9F0FEEBC9B7C79D427B1171A /* Pods */ = {
			isa = PBXGroup;
			children = (
				49931D99A91533EF26CDD85A /* Pods-KitchenAnywhere.debug.xcconfig */,
				AE905EA7F1F702198A8AEE6E /* Pods-KitchenAnywhere.release.xcconfig */,
			);
			path = Pods;
			sourceTree = "<group>";
		};
		B670A2D227F343BE001E5CBE = {
			isa = PBXGroup;
			children = (
				B670A2DD27F343BE001E5CBE /* KitchenAnywhere */,
				B670A2DC27F343BE001E5CBE /* Products */,
				9F0FEEBC9B7C79D427B1171A /* Pods */,
				E0C9F71CC9C82EBEBC876A05 /* Frameworks */,
			);
			sourceTree = "<group>";
		};
		B670A2DC27F343BE001E5CBE /* Products */ = {
			isa = PBXGroup;
			children = (
				B670A2DB27F343BE001E5CBE /* KitchenAnywhere.app */,
			);
			name = Products;
			sourceTree = "<group>";
		};
		B670A2DD27F343BE001E5CBE /* KitchenAnywhere */ = {
			isa = PBXGroup;
			children = (
				B6B24DAD2810EF99008844FC /* Utils */,
				B688FA7A280F2E9C002E89A7 /* View */,
				B54CC4EC280CDDC400A96FA7 /* GoogleService-Info.plist */,
				4DC2CD6F28087B5F00C82D52 /* Extensions */,
				4DC2CD6C2808705F00C82D52 /* Model */,
				4D3D00DD2808698600BD5EAD /* CustomViews */,
				4D3D00DA28085C5800BD5EAD /* User */,
				B670A2DE27F343BE001E5CBE /* AppDelegate.swift */,
				B670A2E027F343BE001E5CBE /* SceneDelegate.swift */,
				B670A2E227F343BE001E5CBE /* LoginViewController.swift */,
				B670A2E427F343BE001E5CBE /* Main.storyboard */,
				B670A2E727F343BE001E5CBE /* Assets.xcassets */,
				B670A2E927F343BE001E5CBE /* LaunchScreen.storyboard */,
				B670A2EC27F343BE001E5CBE /* Info.plist */,
				4D1753712800E14500CB815C /* SignupViewController.swift */,
			);
			path = KitchenAnywhere;
			sourceTree = "<group>";
		};
		B688FA7A280F2E9C002E89A7 /* View */ = {
			isa = PBXGroup;
			children = (
				B688FA7B280F2EA3002E89A7 /* Chef */,
			);
			path = View;
			sourceTree = "<group>";
		};
		B688FA7B280F2EA3002E89A7 /* Chef */ = {
			isa = PBXGroup;
			children = (
				B6983992280F495C003B1E0F /* CFAddDish */,
				B688FA7C280F2EAA002E89A7 /* CFDishList */,
				B6B24DFC2812445A008844FC /* CFViewOrder */,
			);
			path = Chef;
			sourceTree = "<group>";
		};
		B688FA7C280F2EAA002E89A7 /* CFDishList */ = {
			isa = PBXGroup;
			children = (
				B688FA7D280F2ED2002E89A7 /* CFDishList.storyboard */,
				B688FA85280F3353002E89A7 /* CFDIshListCollectionViewCell.swift */,
				B688FA87280F3405002E89A7 /* CFDishListViewController.swift */,
			);
			path = CFDishList;
			sourceTree = "<group>";
		};
		B6983992280F495C003B1E0F /* CFAddDish */ = {
			isa = PBXGroup;
			children = (
				B6B24DA6281084C1008844FC /* CFAddDish.storyboard */,
				B6B24DAB2810928A008844FC /* CFAddDishViewController.swift */,
			);
			path = CFAddDish;
			sourceTree = "<group>";
		};
		B6B24DAD2810EF99008844FC /* Utils */ = {
			isa = PBXGroup;
			children = (
				B6B24DAE2810EFBD008844FC /* UtilClass.swift */,
			);
			path = Utils;
			sourceTree = "<group>";
		};
		B6B24DFC2812445A008844FC /* CFViewOrder */ = {
			isa = PBXGroup;
			children = (
				B6B24DFA2812444B008844FC /* CFViewOrder.storyboard */,
				B6B24DFD2812448B008844FC /* CFViewOrderViewController.swift */,
				B6B24E072814622D008844FC /* CFViewOrderTableView1Cell.swift */,
				B6B24E082814622D008844FC /* CFViewOrderTableView1Cell.xib */,
			);
			path = CFViewOrder;
			sourceTree = "<group>";
		};
		E0C9F71CC9C82EBEBC876A05 /* Frameworks */ = {
			isa = PBXGroup;
			children = (
				17ECBD2F681ED2AAD61FF1C7 /* Pods_KitchenAnywhere.framework */,
			);
			name = Frameworks;
			sourceTree = "<group>";
		};
/* End PBXGroup section */

/* Begin PBXNativeTarget section */
		B670A2DA27F343BE001E5CBE /* KitchenAnywhere */ = {
			isa = PBXNativeTarget;
			buildConfigurationList = B670A2EF27F343BE001E5CBE /* Build configuration list for PBXNativeTarget "KitchenAnywhere" */;
			buildPhases = (
				EEAF6C98B6A011B7DAEE5676 /* [CP] Check Pods Manifest.lock */,
				B670A2D727F343BE001E5CBE /* Sources */,
				B670A2D827F343BE001E5CBE /* Frameworks */,
				B670A2D927F343BE001E5CBE /* Resources */,
				9A04BFAFEF14FE55F023E811 /* [CP] Embed Pods Frameworks */,
			);
			buildRules = (
			);
			dependencies = (
			);
			name = KitchenAnywhere;
			productName = KitchenAnywhere;
			productReference = B670A2DB27F343BE001E5CBE /* KitchenAnywhere.app */;
			productType = "com.apple.product-type.application";
		};
/* End PBXNativeTarget section */

/* Begin PBXProject section */
		B670A2D327F343BE001E5CBE /* Project object */ = {
			isa = PBXProject;
			attributes = {
				BuildIndependentTargetsInParallel = 1;
				LastSwiftUpdateCheck = 1310;
				LastUpgradeCheck = 1310;
				TargetAttributes = {
					B670A2DA27F343BE001E5CBE = {
						CreatedOnToolsVersion = 13.1;
					};
				};
			};
			buildConfigurationList = B670A2D627F343BE001E5CBE /* Build configuration list for PBXProject "KitchenAnywhere" */;
			compatibilityVersion = "Xcode 13.0";
			developmentRegion = en;
			hasScannedForEncodings = 0;
			knownRegions = (
				en,
				Base,
			);
			mainGroup = B670A2D227F343BE001E5CBE;
			productRefGroup = B670A2DC27F343BE001E5CBE /* Products */;
			projectDirPath = "";
			projectRoot = "";
			targets = (
				B670A2DA27F343BE001E5CBE /* KitchenAnywhere */,
			);
		};
/* End PBXProject section */

/* Begin PBXResourcesBuildPhase section */
		B670A2D927F343BE001E5CBE /* Resources */ = {
			isa = PBXResourcesBuildPhase;
			buildActionMask = 2147483647;
			files = (
				B6B24DA7281084C1008844FC /* CFAddDish.storyboard in Resources */,
				B6B24E0A2814622D008844FC /* CFViewOrderTableView1Cell.xib in Resources */,
				4D3D00E328086A3800BD5EAD /* CategoryCollectionViewCell.xib in Resources */,
				B688FA7E280F2ED2002E89A7 /* CFDishList.storyboard in Resources */,
				B670A2EB27F343BE001E5CBE /* LaunchScreen.storyboard in Resources */,
				B670A2E827F343BE001E5CBE /* Assets.xcassets in Resources */,
				B670A2E627F343BE001E5CBE /* Main.storyboard in Resources */,
				4D9C6356280C73CB0053CAC2 /* ChefSpecialCollectionViewCell.xib in Resources */,
				4DC2CD792808A5EE00C82D52 /* DishCollectionViewCell.xib in Resources */,
				B54CC4ED280CDDC400A96FA7 /* GoogleService-Info.plist in Resources */,
				B6B24DFB2812444B008844FC /* CFViewOrder.storyboard in Resources */,
			);
			runOnlyForDeploymentPostprocessing = 0;
		};
/* End PBXResourcesBuildPhase section */

/* Begin PBXShellScriptBuildPhase section */
		9A04BFAFEF14FE55F023E811 /* [CP] Embed Pods Frameworks */ = {
			isa = PBXShellScriptBuildPhase;
			buildActionMask = 2147483647;
			files = (
			);
			inputFileListPaths = (
				"${PODS_ROOT}/Target Support Files/Pods-KitchenAnywhere/Pods-KitchenAnywhere-frameworks-${CONFIGURATION}-input-files.xcfilelist",
			);
			name = "[CP] Embed Pods Frameworks";
			outputFileListPaths = (
				"${PODS_ROOT}/Target Support Files/Pods-KitchenAnywhere/Pods-KitchenAnywhere-frameworks-${CONFIGURATION}-output-files.xcfilelist",
			);
			runOnlyForDeploymentPostprocessing = 0;
			shellPath = /bin/sh;
			shellScript = "\"${PODS_ROOT}/Target Support Files/Pods-KitchenAnywhere/Pods-KitchenAnywhere-frameworks.sh\"\n";
			showEnvVarsInLog = 0;
		};
		EEAF6C98B6A011B7DAEE5676 /* [CP] Check Pods Manifest.lock */ = {
			isa = PBXShellScriptBuildPhase;
			buildActionMask = 2147483647;
			files = (
			);
			inputFileListPaths = (
			);
			inputPaths = (
				"${PODS_PODFILE_DIR_PATH}/Podfile.lock",
				"${PODS_ROOT}/Manifest.lock",
			);
			name = "[CP] Check Pods Manifest.lock";
			outputFileListPaths = (
			);
			outputPaths = (
				"$(DERIVED_FILE_DIR)/Pods-KitchenAnywhere-checkManifestLockResult.txt",
			);
			runOnlyForDeploymentPostprocessing = 0;
			shellPath = /bin/sh;
			shellScript = "diff \"${PODS_PODFILE_DIR_PATH}/Podfile.lock\" \"${PODS_ROOT}/Manifest.lock\" > /dev/null\nif [ $? != 0 ] ; then\n    # print error to STDERR\n    echo \"error: The sandbox is not in sync with the Podfile.lock. Run 'pod install' or update your CocoaPods installation.\" >&2\n    exit 1\nfi\n# This output is used by Xcode 'outputs' to avoid re-running this script phase.\necho \"SUCCESS\" > \"${SCRIPT_OUTPUT_FILE_0}\"\n";
			showEnvVarsInLog = 0;
		};
/* End PBXShellScriptBuildPhase section */

/* Begin PBXSourcesBuildPhase section */
		B670A2D727F343BE001E5CBE /* Sources */ = {
			isa = PBXSourcesBuildPhase;
			buildActionMask = 2147483647;
			files = (
				4D3D00DC28085C6900BD5EAD /* HomeViewController.swift in Sources */,
				4DC2CD7128087B7700C82D52 /* String+Extension.swift in Sources */,
				B670A2E327F343BE001E5CBE /* LoginViewController.swift in Sources */,
				B688FA8A280F3756002E89A7 /* Model_DishList.swift in Sources */,
				B670A2DF27F343BE001E5CBE /* AppDelegate.swift in Sources */,
				4DC2CD742808989E00C82D52 /* CardView.swift in Sources */,
				B6B24DAF2810EFBD008844FC /* UtilClass.swift in Sources */,
				B6B24E0628145F8F008844FC /* DishCategory.swift in Sources */,
				B688FA86280F3353002E89A7 /* CFDIshListCollectionViewCell.swift in Sources */,
				4D1753722800E14500CB815C /* SignupViewController.swift in Sources */,
				B6B24DAC2810928A008844FC /* CFAddDishViewController.swift in Sources */,
				B6B24E02281457BB008844FC /* Order.swift in Sources */,
				4D3D00E228086A3800BD5EAD /* CategoryCollectionViewCell.swift in Sources */,
				B6B24DFE2812448B008844FC /* CFViewOrderViewController.swift in Sources */,
				B688FA88280F3405002E89A7 /* CFDishListViewController.swift in Sources */,
				B54CC4E9280CC89000A96FA7 /* UiViewController+Extensions.swift in Sources */,
				4DC2CD7B2808A92500C82D52 /* Dish.swift in Sources */,
				4D9C6355280C73CB0053CAC2 /* ChefSpecialCollectionViewCell.swift in Sources */,
				4DC2CD782808A5EE00C82D52 /* DishCollectionViewCell.swift in Sources */,
				B6B24E0428145CC1008844FC /* CFViewOrderBrain.swift in Sources */,
				B670A2E127F343BE001E5CBE /* SceneDelegate.swift in Sources */,
				B6B24E092814622D008844FC /* CFViewOrderTableView1Cell.swift in Sources */,
				B54CC4E7280CC48F00A96FA7 /* DetailDishViewController.swift in Sources */,
			);
			runOnlyForDeploymentPostprocessing = 0;
		};
/* End PBXSourcesBuildPhase section */

/* Begin PBXVariantGroup section */
		B670A2E427F343BE001E5CBE /* Main.storyboard */ = {
			isa = PBXVariantGroup;
			children = (
				B670A2E527F343BE001E5CBE /* Base */,
			);
			name = Main.storyboard;
			sourceTree = "<group>";
		};
		B670A2E927F343BE001E5CBE /* LaunchScreen.storyboard */ = {
			isa = PBXVariantGroup;
			children = (
				B670A2EA27F343BE001E5CBE /* Base */,
			);
			name = LaunchScreen.storyboard;
			sourceTree = "<group>";
		};
/* End PBXVariantGroup section */

/* Begin XCBuildConfiguration section */
		B670A2ED27F343BE001E5CBE /* Debug */ = {
			isa = XCBuildConfiguration;
			buildSettings = {
				ALWAYS_SEARCH_USER_PATHS = NO;
				CLANG_ANALYZER_NONNULL = YES;
				CLANG_ANALYZER_NUMBER_OBJECT_CONVERSION = YES_AGGRESSIVE;
				CLANG_CXX_LANGUAGE_STANDARD = "gnu++17";
				CLANG_CXX_LIBRARY = "libc++";
				CLANG_ENABLE_MODULES = YES;
				CLANG_ENABLE_OBJC_ARC = YES;
				CLANG_ENABLE_OBJC_WEAK = YES;
				CLANG_WARN_BLOCK_CAPTURE_AUTORELEASING = YES;
				CLANG_WARN_BOOL_CONVERSION = YES;
				CLANG_WARN_COMMA = YES;
				CLANG_WARN_CONSTANT_CONVERSION = YES;
				CLANG_WARN_DEPRECATED_OBJC_IMPLEMENTATIONS = YES;
				CLANG_WARN_DIRECT_OBJC_ISA_USAGE = YES_ERROR;
				CLANG_WARN_DOCUMENTATION_COMMENTS = YES;
				CLANG_WARN_EMPTY_BODY = YES;
				CLANG_WARN_ENUM_CONVERSION = YES;
				CLANG_WARN_INFINITE_RECURSION = YES;
				CLANG_WARN_INT_CONVERSION = YES;
				CLANG_WARN_NON_LITERAL_NULL_CONVERSION = YES;
				CLANG_WARN_OBJC_IMPLICIT_RETAIN_SELF = YES;
				CLANG_WARN_OBJC_LITERAL_CONVERSION = YES;
				CLANG_WARN_OBJC_ROOT_CLASS = YES_ERROR;
				CLANG_WARN_QUOTED_INCLUDE_IN_FRAMEWORK_HEADER = YES;
				CLANG_WARN_RANGE_LOOP_ANALYSIS = YES;
				CLANG_WARN_STRICT_PROTOTYPES = YES;
				CLANG_WARN_SUSPICIOUS_MOVE = YES;
				CLANG_WARN_UNGUARDED_AVAILABILITY = YES_AGGRESSIVE;
				CLANG_WARN_UNREACHABLE_CODE = YES;
				CLANG_WARN__DUPLICATE_METHOD_MATCH = YES;
				COPY_PHASE_STRIP = NO;
				DEBUG_INFORMATION_FORMAT = dwarf;
				ENABLE_STRICT_OBJC_MSGSEND = YES;
				ENABLE_TESTABILITY = YES;
				GCC_C_LANGUAGE_STANDARD = gnu11;
				GCC_DYNAMIC_NO_PIC = NO;
				GCC_NO_COMMON_BLOCKS = YES;
				GCC_OPTIMIZATION_LEVEL = 0;
				GCC_PREPROCESSOR_DEFINITIONS = (
					"DEBUG=1",
					"$(inherited)",
				);
				GCC_WARN_64_TO_32_BIT_CONVERSION = YES;
				GCC_WARN_ABOUT_RETURN_TYPE = YES_ERROR;
				GCC_WARN_UNDECLARED_SELECTOR = YES;
				GCC_WARN_UNINITIALIZED_AUTOS = YES_AGGRESSIVE;
				GCC_WARN_UNUSED_FUNCTION = YES;
				GCC_WARN_UNUSED_VARIABLE = YES;
				IPHONEOS_DEPLOYMENT_TARGET = 15.0;
				MTL_ENABLE_DEBUG_INFO = INCLUDE_SOURCE;
				MTL_FAST_MATH = YES;
				ONLY_ACTIVE_ARCH = YES;
				SDKROOT = iphoneos;
				SWIFT_ACTIVE_COMPILATION_CONDITIONS = DEBUG;
				SWIFT_OPTIMIZATION_LEVEL = "-Onone";
			};
			name = Debug;
		};
		B670A2EE27F343BE001E5CBE /* Release */ = {
			isa = XCBuildConfiguration;
			buildSettings = {
				ALWAYS_SEARCH_USER_PATHS = NO;
				CLANG_ANALYZER_NONNULL = YES;
				CLANG_ANALYZER_NUMBER_OBJECT_CONVERSION = YES_AGGRESSIVE;
				CLANG_CXX_LANGUAGE_STANDARD = "gnu++17";
				CLANG_CXX_LIBRARY = "libc++";
				CLANG_ENABLE_MODULES = YES;
				CLANG_ENABLE_OBJC_ARC = YES;
				CLANG_ENABLE_OBJC_WEAK = YES;
				CLANG_WARN_BLOCK_CAPTURE_AUTORELEASING = YES;
				CLANG_WARN_BOOL_CONVERSION = YES;
				CLANG_WARN_COMMA = YES;
				CLANG_WARN_CONSTANT_CONVERSION = YES;
				CLANG_WARN_DEPRECATED_OBJC_IMPLEMENTATIONS = YES;
				CLANG_WARN_DIRECT_OBJC_ISA_USAGE = YES_ERROR;
				CLANG_WARN_DOCUMENTATION_COMMENTS = YES;
				CLANG_WARN_EMPTY_BODY = YES;
				CLANG_WARN_ENUM_CONVERSION = YES;
				CLANG_WARN_INFINITE_RECURSION = YES;
				CLANG_WARN_INT_CONVERSION = YES;
				CLANG_WARN_NON_LITERAL_NULL_CONVERSION = YES;
				CLANG_WARN_OBJC_IMPLICIT_RETAIN_SELF = YES;
				CLANG_WARN_OBJC_LITERAL_CONVERSION = YES;
				CLANG_WARN_OBJC_ROOT_CLASS = YES_ERROR;
				CLANG_WARN_QUOTED_INCLUDE_IN_FRAMEWORK_HEADER = YES;
				CLANG_WARN_RANGE_LOOP_ANALYSIS = YES;
				CLANG_WARN_STRICT_PROTOTYPES = YES;
				CLANG_WARN_SUSPICIOUS_MOVE = YES;
				CLANG_WARN_UNGUARDED_AVAILABILITY = YES_AGGRESSIVE;
				CLANG_WARN_UNREACHABLE_CODE = YES;
				CLANG_WARN__DUPLICATE_METHOD_MATCH = YES;
				COPY_PHASE_STRIP = NO;
				DEBUG_INFORMATION_FORMAT = "dwarf-with-dsym";
				ENABLE_NS_ASSERTIONS = NO;
				ENABLE_STRICT_OBJC_MSGSEND = YES;
				GCC_C_LANGUAGE_STANDARD = gnu11;
				GCC_NO_COMMON_BLOCKS = YES;
				GCC_WARN_64_TO_32_BIT_CONVERSION = YES;
				GCC_WARN_ABOUT_RETURN_TYPE = YES_ERROR;
				GCC_WARN_UNDECLARED_SELECTOR = YES;
				GCC_WARN_UNINITIALIZED_AUTOS = YES_AGGRESSIVE;
				GCC_WARN_UNUSED_FUNCTION = YES;
				GCC_WARN_UNUSED_VARIABLE = YES;
				IPHONEOS_DEPLOYMENT_TARGET = 15.0;
				MTL_ENABLE_DEBUG_INFO = NO;
				MTL_FAST_MATH = YES;
				SDKROOT = iphoneos;
				SWIFT_COMPILATION_MODE = wholemodule;
				SWIFT_OPTIMIZATION_LEVEL = "-O";
				VALIDATE_PRODUCT = YES;
			};
			name = Release;
		};
		B670A2F027F343BE001E5CBE /* Debug */ = {
			isa = XCBuildConfiguration;
			baseConfigurationReference = 49931D99A91533EF26CDD85A /* Pods-KitchenAnywhere.debug.xcconfig */;
			buildSettings = {
				ASSETCATALOG_COMPILER_APPICON_NAME = AppIcon;
				ASSETCATALOG_COMPILER_GLOBAL_ACCENT_COLOR_NAME = AccentColor;
				ASSETCATALOG_COMPILER_INCLUDE_ALL_APPICON_ASSETS = YES;
				CODE_SIGN_STYLE = Automatic;
				CURRENT_PROJECT_VERSION = 1;
				DEVELOPMENT_TEAM = 8K3V93CJP2;
				GENERATE_INFOPLIST_FILE = YES;
				INFOPLIST_FILE = KitchenAnywhere/Info.plist;
				INFOPLIST_KEY_UIApplicationSupportsIndirectInputEvents = YES;
				INFOPLIST_KEY_UILaunchStoryboardName = LaunchScreen;
				INFOPLIST_KEY_UIMainStoryboardFile = Main;
				INFOPLIST_KEY_UISupportedInterfaceOrientations = "UIInterfaceOrientationPortrait UIInterfaceOrientationLandscapeLeft UIInterfaceOrientationLandscapeRight";
				INFOPLIST_KEY_UISupportedInterfaceOrientations_iPad = "UIInterfaceOrientationPortrait UIInterfaceOrientationPortraitUpsideDown UIInterfaceOrientationLandscapeLeft UIInterfaceOrientationLandscapeRight";
				INFOPLIST_KEY_UISupportedInterfaceOrientations_iPhone = "UIInterfaceOrientationPortrait UIInterfaceOrientationLandscapeLeft UIInterfaceOrientationLandscapeRight";
				LD_RUNPATH_SEARCH_PATHS = (
					"$(inherited)",
					"@executable_path/Frameworks",
				);
				MARKETING_VERSION = 1.0;
				PRODUCT_BUNDLE_IDENTIFIER = com.MicronStar.KitchenAnywhere;
				PRODUCT_NAME = "$(TARGET_NAME)";
				SWIFT_EMIT_LOC_STRINGS = YES;
				SWIFT_VERSION = 5.0;
				TARGETED_DEVICE_FAMILY = "1,2";
			};
			name = Debug;
		};
		B670A2F127F343BE001E5CBE /* Release */ = {
			isa = XCBuildConfiguration;
			baseConfigurationReference = AE905EA7F1F702198A8AEE6E /* Pods-KitchenAnywhere.release.xcconfig */;
			buildSettings = {
				ASSETCATALOG_COMPILER_APPICON_NAME = AppIcon;
				ASSETCATALOG_COMPILER_GLOBAL_ACCENT_COLOR_NAME = AccentColor;
				ASSETCATALOG_COMPILER_INCLUDE_ALL_APPICON_ASSETS = YES;
				CODE_SIGN_STYLE = Automatic;
				CURRENT_PROJECT_VERSION = 1;
				DEVELOPMENT_TEAM = 8K3V93CJP2;
				GENERATE_INFOPLIST_FILE = YES;
				INFOPLIST_FILE = KitchenAnywhere/Info.plist;
				INFOPLIST_KEY_UIApplicationSupportsIndirectInputEvents = YES;
				INFOPLIST_KEY_UILaunchStoryboardName = LaunchScreen;
				INFOPLIST_KEY_UIMainStoryboardFile = Main;
				INFOPLIST_KEY_UISupportedInterfaceOrientations = "UIInterfaceOrientationPortrait UIInterfaceOrientationLandscapeLeft UIInterfaceOrientationLandscapeRight";
				INFOPLIST_KEY_UISupportedInterfaceOrientations_iPad = "UIInterfaceOrientationPortrait UIInterfaceOrientationPortraitUpsideDown UIInterfaceOrientationLandscapeLeft UIInterfaceOrientationLandscapeRight";
				INFOPLIST_KEY_UISupportedInterfaceOrientations_iPhone = "UIInterfaceOrientationPortrait UIInterfaceOrientationLandscapeLeft UIInterfaceOrientationLandscapeRight";
				LD_RUNPATH_SEARCH_PATHS = (
					"$(inherited)",
					"@executable_path/Frameworks",
				);
				MARKETING_VERSION = 1.0;
				PRODUCT_BUNDLE_IDENTIFIER = com.MicronStar.KitchenAnywhere;
				PRODUCT_NAME = "$(TARGET_NAME)";
				SWIFT_EMIT_LOC_STRINGS = YES;
				SWIFT_VERSION = 5.0;
				TARGETED_DEVICE_FAMILY = "1,2";
			};
			name = Release;
		};
/* End XCBuildConfiguration section */

/* Begin XCConfigurationList section */
		B670A2D627F343BE001E5CBE /* Build configuration list for PBXProject "KitchenAnywhere" */ = {
			isa = XCConfigurationList;
			buildConfigurations = (
				B670A2ED27F343BE001E5CBE /* Debug */,
				B670A2EE27F343BE001E5CBE /* Release */,
			);
			defaultConfigurationIsVisible = 0;
			defaultConfigurationName = Release;
		};
		B670A2EF27F343BE001E5CBE /* Build configuration list for PBXNativeTarget "KitchenAnywhere" */ = {
			isa = XCConfigurationList;
			buildConfigurations = (
				B670A2F027F343BE001E5CBE /* Debug */,
				B670A2F127F343BE001E5CBE /* Release */,
			);
			defaultConfigurationIsVisible = 0;
			defaultConfigurationName = Release;
		};
/* End XCConfigurationList section */
	};
	rootObject = B670A2D327F343BE001E5CBE /* Project object */;
}
